{
    "version": 3,
    "terraform_version": "0.11.14",
    "serial": 2,
    "lineage": "2b9257a0-cf86-7916-c89d-6f409e6d92fd",
    "modules": [
        {
            "path": [
                "root"
            ],
            "outputs": {},
            "resources": {
                "aws_iam_policy.policy": {
                    "type": "aws_iam_policy",
                    "depends_on": [],
                    "primary": {
                        "id": "arn:aws:iam::101032306675:policy/test-policy",
                        "attributes": {
                            "arn": "arn:aws:iam::101032306675:policy/test-policy",
                            "description": "A test policy",
                            "id": "arn:aws:iam::101032306675:policy/test-policy",
                            "name": "test-policy",
                            "path": "/",
                            "policy": "{\n  \"Version\": \"2012-10-17\",\n  \"Statement\": [\n    {\n      \"Action\": [\n        \"ec2:Describe*\"\n      ],\n      \"Effect\": \"Allow\",\n      \"Resource\": \"*\"\n    }\n  ]\n}\n"
                        },
                        "meta": {},
                        "tainted": false
                    },
                    "deposed": [],
                    "provider": "provider.aws"
                },
                "aws_iam_user.user": {
                    "type": "aws_iam_user",
                    "depends_on": [],
                    "primary": {
                        "id": "test-user",
                        "attributes": {
                            "arn": "arn:aws:iam::101032306675:user/test-user",
                            "force_destroy": "false",
                            "id": "test-user",
                            "name": "test-user",
                            "path": "/",
                            "tags.%": "0",
                            "unique_id": "AIDARPBP6U7ZU77XZNJYH"
                        },
                        "meta": {},
                        "tainted": false
                    },
                    "deposed": [],
                    "provider": "provider.aws"
                },
                "aws_iam_user_policy_attachment.test-attach": {
                    "type": "aws_iam_user_policy_attachment",
                    "depends_on": [
                        "aws_iam_policy.policy",
                        "aws_iam_user.user"
                    ],
                    "primary": {
                        "id": "test-user-20200320181253908100000001",
                        "attributes": {
                            "id": "test-user-20200320181253908100000001",
                            "policy_arn": "arn:aws:iam::101032306675:policy/test-policy",
                            "user": "test-user"
                        },
                        "meta": {},
                        "tainted": false
                    },
                    "deposed": [],
                    "provider": "provider.aws"
                }
            },
            "depends_on": []
        }
    ]
}
